
Microsoft Visual Studio Solution File, Format Version 12.00
# Visual Studio 2012
Project("{FAE04EC0-301F-11D3-BF4B-00C04F79EFBC}") = "HandyMan", "HandyMan\HandyMan.csproj", "{F0AE4868-042E-471A-A966-CDDDF7514EE9}"
EndProject
Project("{FAE04EC0-301F-11D3-BF4B-00C04F79EFBC}") = "HandyMan.UITests", "HandyMan.UITests\HandyMan.UITests.csproj", "{80979A03-471C-481E-95BE-9EADEEB61306}"
EndProject
Global
	GlobalSection(SolutionConfigurationPlatforms) = preSolution
		Debug|Any CPU = Debug|Any CPU
		Release|Any CPU = Release|Any CPU
	EndGlobalSection
	GlobalSection(ProjectConfigurationPlatforms) = postSolution
		{F0AE4868-042E-471A-A966-CDDDF7514EE9}.Debug|Any CPU.ActiveCfg = Debug|Any CPU
		{F0AE4868-042E-471A-A966-CDDDF7514EE9}.Debug|Any CPU.Build.0 = Debug|Any CPU
		{F0AE4868-042E-471A-A966-CDDDF7514EE9}.Release|Any CPU.ActiveCfg = Release|Any CPU
		{F0AE4868-042E-471A-A966-CDDDF7514EE9}.Release|Any CPU.Build.0 = Release|Any CPU
		{80979A03-471C-481E-95BE-9EADEEB61306}.Debug|Any CPU.ActiveCfg = Debug|Any CPU
		{80979A03-471C-481E-95BE-9EADEEB61306}.Debug|Any CPU.Build.0 = Debug|Any CPU
		{80979A03-471C-481E-95BE-9EADEEB61306}.Release|Any CPU.ActiveCfg = Release|Any CPU
		{80979A03-471C-481E-95BE-9EADEEB61306}.Release|Any CPU.Build.0 = Release|Any CPU
	EndGlobalSection
EndGlobal
